// !$*UTF8*$!
{
	archiveVersion = 1;
	classes = {
	};
	objectVersion = 56;
	objects = {

/* Begin PBXBuildFile section */
		E636A47129177766001D0A36 /* AppDelegate.swift in Sources */ = {isa = PBXBuildFile; fileRef = E636A47029177766001D0A36 /* AppDelegate.swift */; };
		E636A47329177766001D0A36 /* SceneDelegate.swift in Sources */ = {isa = PBXBuildFile; fileRef = E636A47229177766001D0A36 /* SceneDelegate.swift */; };
		E636A47529177766001D0A36 /* ViewController.swift in Sources */ = {isa = PBXBuildFile; fileRef = E636A47429177766001D0A36 /* ViewController.swift */; };
		E636A47829177766001D0A36 /* Main.storyboard in Resources */ = {isa = PBXBuildFile; fileRef = E636A47629177766001D0A36 /* Main.storyboard */; };
		E636A47B29177766001D0A36 /* ViPER_TaskList.xcdatamodeld in Sources */ = {isa = PBXBuildFile; fileRef = E636A47929177766001D0A36 /* ViPER_TaskList.xcdatamodeld */; };
		E636A47D29177767001D0A36 /* Assets.xcassets in Resources */ = {isa = PBXBuildFile; fileRef = E636A47C29177767001D0A36 /* Assets.xcassets */; };
		E636A48029177767001D0A36 /* LaunchScreen.storyboard in Resources */ = {isa = PBXBuildFile; fileRef = E636A47E29177767001D0A36 /* LaunchScreen.storyboard */; };
		E636A48B291777E4001D0A36 /* Localizable.strings in Resources */ = {isa = PBXBuildFile; fileRef = E636A48D291777E4001D0A36 /* Localizable.strings */; };
		E636A49129177847001D0A36 /* TaskEntityModel.swift in Sources */ = {isa = PBXBuildFile; fileRef = E636A49029177847001D0A36 /* TaskEntityModel.swift */; };
		E636A49329177853001D0A36 /* UserEntityModel.swift in Sources */ = {isa = PBXBuildFile; fileRef = E636A49229177853001D0A36 /* UserEntityModel.swift */; };
		E636A4952917787E001D0A36 /* CoreDataManager.swift in Sources */ = {isa = PBXBuildFile; fileRef = E636A4942917787E001D0A36 /* CoreDataManager.swift */; };
		E636A4972917788B001D0A36 /* CoreDataEngine.swift in Sources */ = {isa = PBXBuildFile; fileRef = E636A4962917788B001D0A36 /* CoreDataEngine.swift */; };
		E636A49929177893001D0A36 /* DataStore.swift in Sources */ = {isa = PBXBuildFile; fileRef = E636A49829177893001D0A36 /* DataStore.swift */; };
/* End PBXBuildFile section */

/* Begin PBXFileReference section */
		E636A46D29177766001D0A36 /* ViPER-TaskList.app */ = {isa = PBXFileReference; explicitFileType = wrapper.application; includeInIndex = 0; path = "ViPER-TaskList.app"; sourceTree = BUILT_PRODUCTS_DIR; };
		E636A47029177766001D0A36 /* AppDelegate.swift */ = {isa = PBXFileReference; lastKnownFileType = sourcecode.swift; path = AppDelegate.swift; sourceTree = "<group>"; };
		E636A47229177766001D0A36 /* SceneDelegate.swift */ = {isa = PBXFileReference; lastKnownFileType = sourcecode.swift; path = SceneDelegate.swift; sourceTree = "<group>"; };
		E636A47429177766001D0A36 /* ViewController.swift */ = {isa = PBXFileReference; lastKnownFileType = sourcecode.swift; path = ViewController.swift; sourceTree = "<group>"; };
		E636A47729177766001D0A36 /* Base */ = {isa = PBXFileReference; lastKnownFileType = file.storyboard; name = Base; path = Base.lproj/Main.storyboard; sourceTree = "<group>"; };
		E636A47A29177766001D0A36 /* ViPER_TaskList.xcdatamodel */ = {isa = PBXFileReference; lastKnownFileType = wrapper.xcdatamodel; path = ViPER_TaskList.xcdatamodel; sourceTree = "<group>"; };
		E636A47C29177767001D0A36 /* Assets.xcassets */ = {isa = PBXFileReference; lastKnownFileType = folder.assetcatalog; path = Assets.xcassets; sourceTree = "<group>"; };
		E636A47F29177767001D0A36 /* Base */ = {isa = PBXFileReference; lastKnownFileType = file.storyboard; name = Base; path = Base.lproj/LaunchScreen.storyboard; sourceTree = "<group>"; };
		E636A48129177767001D0A36 /* Info.plist */ = {isa = PBXFileReference; lastKnownFileType = text.plist.xml; path = Info.plist; sourceTree = "<group>"; };
		E636A48C291777E4001D0A36 /* en */ = {isa = PBXFileReference; lastKnownFileType = text.plist.strings; name = en; path = en.lproj/Localizable.strings; sourceTree = "<group>"; };
		E636A48E291777ED001D0A36 /* ar */ = {isa = PBXFileReference; lastKnownFileType = text.plist.strings; name = ar; path = ar.lproj/LaunchScreen.strings; sourceTree = "<group>"; };
		E636A49029177847001D0A36 /* TaskEntityModel.swift */ = {isa = PBXFileReference; lastKnownFileType = sourcecode.swift; path = TaskEntityModel.swift; sourceTree = "<group>"; };
		E636A49229177853001D0A36 /* UserEntityModel.swift */ = {isa = PBXFileReference; lastKnownFileType = sourcecode.swift; path = UserEntityModel.swift; sourceTree = "<group>"; };
		E636A4942917787E001D0A36 /* CoreDataManager.swift */ = {isa = PBXFileReference; lastKnownFileType = sourcecode.swift; path = CoreDataManager.swift; sourceTree = "<group>"; };
		E636A4962917788B001D0A36 /* CoreDataEngine.swift */ = {isa = PBXFileReference; lastKnownFileType = sourcecode.swift; path = CoreDataEngine.swift; sourceTree = "<group>"; };
		E636A49829177893001D0A36 /* DataStore.swift */ = {isa = PBXFileReference; lastKnownFileType = sourcecode.swift; path = DataStore.swift; sourceTree = "<group>"; };
/* End PBXFileReference section */

/* Begin PBXFrameworksBuildPhase section */
		E636A46A29177766001D0A36 /* Frameworks */ = {
			isa = PBXFrameworksBuildPhase;
			buildActionMask = 2147483647;
			files = (
			);
			runOnlyForDeploymentPostprocessing = 0;
		};
/* End PBXFrameworksBuildPhase section */

/* Begin PBXGroup section */
		E636A46429177766001D0A36 = {
			isa = PBXGroup;
			children = (
				E636A46F29177766001D0A36 /* ViPER-TaskList */,
				E636A46E29177766001D0A36 /* Products */,
			);
			sourceTree = "<group>";
		};
		E636A46E29177766001D0A36 /* Products */ = {
			isa = PBXGroup;
			children = (
				E636A46D29177766001D0A36 /* ViPER-TaskList.app */,
			);
			name = Products;
			sourceTree = "<group>";
		};
		E636A46F29177766001D0A36 /* ViPER-TaskList */ = {
			isa = PBXGroup;
			children = (
				E636A48F291777F4001D0A36 /* New Group */,
				E636A4872917778E001D0A36 /* App */,
				E636A47429177766001D0A36 /* ViewController.swift */,
				E636A47629177766001D0A36 /* Main.storyboard */,
				E636A488291777B4001D0A36 /* Resources */,
			);
			path = "ViPER-TaskList";
			sourceTree = "<group>";
		};
		E636A4872917778E001D0A36 /* App */ = {
			isa = PBXGroup;
			children = (
				E636A47029177766001D0A36 /* AppDelegate.swift */,
				E636A47E29177767001D0A36 /* LaunchScreen.storyboard */,
				E636A48129177767001D0A36 /* Info.plist */,
				E636A47229177766001D0A36 /* SceneDelegate.swift */,
			);
			path = App;
			sourceTree = "<group>";
		};
		E636A488291777B4001D0A36 /* Resources */ = {
			isa = PBXGroup;
			children = (
				E636A47C29177767001D0A36 /* Assets.xcassets */,
				E636A48D291777E4001D0A36 /* Localizable.strings */,
			);
			path = Resources;
			sourceTree = "<group>";
		};
		E636A48F291777F4001D0A36 /* New Group */ = {
			isa = PBXGroup;
			children = (
				E636A47929177766001D0A36 /* ViPER_TaskList.xcdatamodeld */,
				E636A49229177853001D0A36 /* UserEntityModel.swift */,
				E636A4942917787E001D0A36 /* CoreDataManager.swift */,
				E636A4962917788B001D0A36 /* CoreDataEngine.swift */,
				E636A49829177893001D0A36 /* DataStore.swift */,
				E636A49029177847001D0A36 /* TaskEntityModel.swift */,
			);
			path = "New Group";
			sourceTree = "<group>";
		};
/* End PBXGroup section */

/* Begin PBXNativeTarget section */
		E636A46C29177766001D0A36 /* ViPER-TaskList */ = {
			isa = PBXNativeTarget;
			buildConfigurationList = E636A48429177767001D0A36 /* Build configuration list for PBXNativeTarget "ViPER-TaskList" */;
			buildPhases = (
				E636A46929177766001D0A36 /* Sources */,
				E636A46A29177766001D0A36 /* Frameworks */,
				E636A46B29177766001D0A36 /* Resources */,
			);
			buildRules = (
			);
			dependencies = (
			);
			name = "ViPER-TaskList";
			productName = "ViPER-TaskList";
			productReference = E636A46D29177766001D0A36 /* ViPER-TaskList.app */;
			productType = "com.apple.product-type.application";
		};
/* End PBXNativeTarget section */

/* Begin PBXProject section */
		E636A46529177766001D0A36 /* Project object */ = {
			isa = PBXProject;
			attributes = {
				BuildIndependentTargetsInParallel = 1;
				LastSwiftUpdateCheck = 1410;
				LastUpgradeCheck = 1410;
				TargetAttributes = {
					E636A46C29177766001D0A36 = {
						CreatedOnToolsVersion = 14.1;
					};
				};
			};
			buildConfigurationList = E636A46829177766001D0A36 /* Build configuration list for PBXProject "ViPER-TaskList" */;
			compatibilityVersion = "Xcode 14.0";
			developmentRegion = en;
			hasScannedForEncodings = 0;
			knownRegions = (
				en,
				Base,
				ar,
			);
			mainGroup = E636A46429177766001D0A36;
			productRefGroup = E636A46E29177766001D0A36 /* Products */;
			projectDirPath = "";
			projectRoot = "";
			targets = (
				E636A46C29177766001D0A36 /* ViPER-TaskList */,
			);
		};
/* End PBXProject section */

/* Begin PBXResourcesBuildPhase section */
		E636A46B29177766001D0A36 /* Resources */ = {
			isa = PBXResourcesBuildPhase;
			buildActionMask = 2147483647;
			files = (
				E636A48029177767001D0A36 /* LaunchScreen.storyboard in Resources */,
				E636A48B291777E4001D0A36 /* Localizable.strings in Resources */,
				E636A47D29177767001D0A36 /* Assets.xcassets in Resources */,
				E636A47829177766001D0A36 /* Main.storyboard in Resources */,
			);
			runOnlyForDeploymentPostprocessing = 0;
		};
/* End PBXResourcesBuildPhase section */

/* Begin PBXSourcesBuildPhase section */
		E636A46929177766001D0A36 /* Sources */ = {
			isa = PBXSourcesBuildPhase;
			buildActionMask = 2147483647;
			files = (
				E636A4972917788B001D0A36 /* CoreDataEngine.swift in Sources */,
				E636A47529177766001D0A36 /* ViewController.swift in Sources */,
				E636A47129177766001D0A36 /* AppDelegate.swift in Sources */,
				E636A47329177766001D0A36 /* SceneDelegate.swift in Sources */,
				E636A49329177853001D0A36 /* UserEntityModel.swift in Sources */,
				E636A47B29177766001D0A36 /* ViPER_TaskList.xcdatamodeld in Sources */,
				E636A4952917787E001D0A36 /* CoreDataManager.swift in Sources */,
				E636A49929177893001D0A36 /* DataStore.swift in Sources */,
				E636A49129177847001D0A36 /* TaskEntityModel.swift in Sources */,
			);
			runOnlyForDeploymentPostprocessing = 0;
		};
/* End PBXSourcesBuildPhase section */

/* Begin PBXVariantGroup section */
		E636A47629177766001D0A36 /* Main.storyboard */ = {
			isa = PBXVariantGroup;
			children = (
				E636A47729177766001D0A36 /* Base */,
			);
			name = Main.storyboard;
			sourceTree = "<group>";
		};
		E636A47E29177767001D0A36 /* LaunchScreen.storyboard */ = {
			isa = PBXVariantGroup;
			children = (
				E636A47F29177767001D0A36 /* Base */,
				E636A48E291777ED001D0A36 /* ar */,
			);
			name = LaunchScreen.storyboard;
			sourceTree = "<group>";
		};
		E636A48D291777E4001D0A36 /* Localizable.strings */ = {
			isa = PBXVariantGroup;
			children = (
				E636A48C291777E4001D0A36 /* en */,
			);
			name = Localizable.strings;
			sourceTree = "<group>";
		};
/* End PBXVariantGroup section */

/* Begin XCBuildConfiguration section */
		E636A48229177767001D0A36 /* Debug */ = {
			isa = XCBuildConfiguration;
			buildSettings = {
				ALWAYS_SEARCH_USER_PATHS = NO;
				CLANG_ANALYZER_LOCALIZABILITY_NONLOCALIZED = YES;
				CLANG_ANALYZER_NONNULL = YES;
				CLANG_ANALYZER_NUMBER_OBJECT_CONVERSION = YES_AGGRESSIVE;
				CLANG_CXX_LANGUAGE_STANDARD = "gnu++20";
				CLANG_ENABLE_MODULES = YES;
				CLANG_ENABLE_OBJC_ARC = YES;
				CLANG_ENABLE_OBJC_WEAK = YES;
				CLANG_WARN_BLOCK_CAPTURE_AUTORELEASING = YES;
				CLANG_WARN_BOOL_CONVERSION = YES;
				CLANG_WARN_COMMA = YES;
				CLANG_WARN_CONSTANT_CONVERSION = YES;
				CLANG_WARN_DEPRECATED_OBJC_IMPLEMENTATIONS = YES;
				CLANG_WARN_DIRECT_OBJC_ISA_USAGE = YES_ERROR;
				CLANG_WARN_DOCUMENTATION_COMMENTS = YES;
				CLANG_WARN_EMPTY_BODY = YES;
				CLANG_WARN_ENUM_CONVERSION = YES;
				CLANG_WARN_INFINITE_RECURSION = YES;
				CLANG_WARN_INT_CONVERSION = YES;
				CLANG_WARN_NON_LITERAL_NULL_CONVERSION = YES;
				CLANG_WARN_OBJC_IMPLICIT_RETAIN_SELF = YES;
				CLANG_WARN_OBJC_LITERAL_CONVERSION = YES;
				CLANG_WARN_OBJC_ROOT_CLASS = YES_ERROR;
				CLANG_WARN_QUOTED_INCLUDE_IN_FRAMEWORK_HEADER = YES;
				CLANG_WARN_RANGE_LOOP_ANALYSIS = YES;
				CLANG_WARN_STRICT_PROTOTYPES = YES;
				CLANG_WARN_SUSPICIOUS_MOVE = YES;
				CLANG_WARN_UNGUARDED_AVAILABILITY = YES_AGGRESSIVE;
				CLANG_WARN_UNREACHABLE_CODE = YES;
				CLANG_WARN__DUPLICATE_METHOD_MATCH = YES;
				COPY_PHASE_STRIP = NO;
				DEBUG_INFORMATION_FORMAT = dwarf;
				ENABLE_STRICT_OBJC_MSGSEND = YES;
				ENABLE_TESTABILITY = YES;
				GCC_C_LANGUAGE_STANDARD = gnu11;
				GCC_DYNAMIC_NO_PIC = NO;
				GCC_NO_COMMON_BLOCKS = YES;
				GCC_OPTIMIZATION_LEVEL = 0;
				GCC_PREPROCESSOR_DEFINITIONS = (
					"DEBUG=1",
					"$(inherited)",
				);
				GCC_WARN_64_TO_32_BIT_CONVERSION = YES;
				GCC_WARN_ABOUT_RETURN_TYPE = YES_ERROR;
				GCC_WARN_UNDECLARED_SELECTOR = YES;
				GCC_WARN_UNINITIALIZED_AUTOS = YES_AGGRESSIVE;
				GCC_WARN_UNUSED_FUNCTION = YES;
				GCC_WARN_UNUSED_VARIABLE = YES;
				IPHONEOS_DEPLOYMENT_TARGET = 16.1;
				MTL_ENABLE_DEBUG_INFO = INCLUDE_SOURCE;
				MTL_FAST_MATH = YES;
				ONLY_ACTIVE_ARCH = YES;
				SDKROOT = iphoneos;
				SWIFT_ACTIVE_COMPILATION_CONDITIONS = DEBUG;
				SWIFT_OPTIMIZATION_LEVEL = "-Onone";
			};
			name = Debug;
		};
		E636A48329177767001D0A36 /* Release */ = {
			isa = XCBuildConfiguration;
			buildSettings = {
				ALWAYS_SEARCH_USER_PATHS = NO;
				CLANG_ANALYZER_LOCALIZABILITY_NONLOCALIZED = YES;
				CLANG_ANALYZER_NONNULL = YES;
				CLANG_ANALYZER_NUMBER_OBJECT_CONVERSION = YES_AGGRESSIVE;
				CLANG_CXX_LANGUAGE_STANDARD = "gnu++20";
				CLANG_ENABLE_MODULES = YES;
				CLANG_ENABLE_OBJC_ARC = YES;
				CLANG_ENABLE_OBJC_WEAK = YES;
				CLANG_WARN_BLOCK_CAPTURE_AUTORELEASING = YES;
				CLANG_WARN_BOOL_CONVERSION = YES;
				CLANG_WARN_COMMA = YES;
				CLANG_WARN_CONSTANT_CONVERSION = YES;
				CLANG_WARN_DEPRECATED_OBJC_IMPLEMENTATIONS = YES;
				CLANG_WARN_DIRECT_OBJC_ISA_USAGE = YES_ERROR;
				CLANG_WARN_DOCUMENTATION_COMMENTS = YES;
				CLANG_WARN_EMPTY_BODY = YES;
				CLANG_WARN_ENUM_CONVERSION = YES;
				CLANG_WARN_INFINITE_RECURSION = YES;
				CLANG_WARN_INT_CONVERSION = YES;
				CLANG_WARN_NON_LITERAL_NULL_CONVERSION = YES;
				CLANG_WARN_OBJC_IMPLICIT_RETAIN_SELF = YES;
				CLANG_WARN_OBJC_LITERAL_CONVERSION = YES;
				CLANG_WARN_OBJC_ROOT_CLASS = YES_ERROR;
				CLANG_WARN_QUOTED_INCLUDE_IN_FRAMEWORK_HEADER = YES;
				CLANG_WARN_RANGE_LOOP_ANALYSIS = YES;
				CLANG_WARN_STRICT_PROTOTYPES = YES;
				CLANG_WARN_SUSPICIOUS_MOVE = YES;
				CLANG_WARN_UNGUARDED_AVAILABILITY = YES_AGGRESSIVE;
				CLANG_WARN_UNREACHABLE_CODE = YES;
				CLANG_WARN__DUPLICATE_METHOD_MATCH = YES;
				COPY_PHASE_STRIP = NO;
				DEBUG_INFORMATION_FORMAT = "dwarf-with-dsym";
				ENABLE_NS_ASSERTIONS = NO;
				ENABLE_STRICT_OBJC_MSGSEND = YES;
				GCC_C_LANGUAGE_STANDARD = gnu11;
				GCC_NO_COMMON_BLOCKS = YES;
				GCC_WARN_64_TO_32_BIT_CONVERSION = YES;
				GCC_WARN_ABOUT_RETURN_TYPE = YES_ERROR;
				GCC_WARN_UNDECLARED_SELECTOR = YES;
				GCC_WARN_UNINITIALIZED_AUTOS = YES_AGGRESSIVE;
				GCC_WARN_UNUSED_FUNCTION = YES;
				GCC_WARN_UNUSED_VARIABLE = YES;
				IPHONEOS_DEPLOYMENT_TARGET = 16.1;
				MTL_ENABLE_DEBUG_INFO = NO;
				MTL_FAST_MATH = YES;
				SDKROOT = iphoneos;
				SWIFT_COMPILATION_MODE = wholemodule;
				SWIFT_OPTIMIZATION_LEVEL = "-O";
				VALIDATE_PRODUCT = YES;
			};
			name = Release;
		};
		E636A48529177767001D0A36 /* Debug */ = {
			isa = XCBuildConfiguration;
			buildSettings = {
				ASSETCATALOG_COMPILER_APPICON_NAME = AppIcon;
				ASSETCATALOG_COMPILER_GLOBAL_ACCENT_COLOR_NAME = AccentColor;
				CODE_SIGN_STYLE = Automatic;
				CURRENT_PROJECT_VERSION = 1;
				GENERATE_INFOPLIST_FILE = YES;
				INFOPLIST_FILE = "ViPER-TaskList/App/Info.plist";
				INFOPLIST_KEY_UIApplicationSupportsIndirectInputEvents = YES;
				INFOPLIST_KEY_UILaunchStoryboardName = LaunchScreen;
				INFOPLIST_KEY_UIMainStoryboardFile = Main;
				INFOPLIST_KEY_UISupportedInterfaceOrientations_iPad = "UIInterfaceOrientationPortrait UIInterfaceOrientationPortraitUpsideDown UIInterfaceOrientationLandscapeLeft UIInterfaceOrientationLandscapeRight";
				INFOPLIST_KEY_UISupportedInterfaceOrientations_iPhone = "UIInterfaceOrientationPortrait UIInterfaceOrientationLandscapeLeft UIInterfaceOrientationLandscapeRight";
				LD_RUNPATH_SEARCH_PATHS = (
					"$(inherited)",
					"@executable_path/Frameworks",
				);
				MARKETING_VERSION = 1.0;
				PRODUCT_BUNDLE_IDENTIFIER = "com.lashlyn23.ViPER-TaskList";
				PRODUCT_NAME = "$(TARGET_NAME)";
				SWIFT_EMIT_LOC_STRINGS = YES;
				SWIFT_VERSION = 5.0;
				TARGETED_DEVICE_FAMILY = "1,2";
			};
			name = Debug;
		};
		E636A48629177767001D0A36 /* Release */ = {
			isa = XCBuildConfiguration;
			buildSettings = {
				ASSETCATALOG_COMPILER_APPICON_NAME = AppIcon;
				ASSETCATALOG_COMPILER_GLOBAL_ACCENT_COLOR_NAME = AccentColor;
				CODE_SIGN_STYLE = Automatic;
				CURRENT_PROJECT_VERSION = 1;
				GENERATE_INFOPLIST_FILE = YES;
				INFOPLIST_FILE = "ViPER-TaskList/App/Info.plist";
				INFOPLIST_KEY_UIApplicationSupportsIndirectInputEvents = YES;
				INFOPLIST_KEY_UILaunchStoryboardName = LaunchScreen;
				INFOPLIST_KEY_UIMainStoryboardFile = Main;
				INFOPLIST_KEY_UISupportedInterfaceOrientations_iPad = "UIInterfaceOrientationPortrait UIInterfaceOrientationPortraitUpsideDown UIInterfaceOrientationLandscapeLeft UIInterfaceOrientationLandscapeRight";
				INFOPLIST_KEY_UISupportedInterfaceOrientations_iPhone = "UIInterfaceOrientationPortrait UIInterfaceOrientationLandscapeLeft UIInterfaceOrientationLandscapeRight";
				LD_RUNPATH_SEARCH_PATHS = (
					"$(inherited)",
					"@executable_path/Frameworks",
				);
				MARKETING_VERSION = 1.0;
				PRODUCT_BUNDLE_IDENTIFIER = "com.lashlyn23.ViPER-TaskList";
				PRODUCT_NAME = "$(TARGET_NAME)";
				SWIFT_EMIT_LOC_STRINGS = YES;
				SWIFT_VERSION = 5.0;
				TARGETED_DEVICE_FAMILY = "1,2";
			};
			name = Release;
		};
/* End XCBuildConfiguration section */

/* Begin XCConfigurationList section */
		E636A46829177766001D0A36 /* Build configuration list for PBXProject "ViPER-TaskList" */ = {
			isa = XCConfigurationList;
			buildConfigurations = (
				E636A48229177767001D0A36 /* Debug */,
				E636A48329177767001D0A36 /* Release */,
			);
			defaultConfigurationIsVisible = 0;
			defaultConfigurationName = Release;
		};
		E636A48429177767001D0A36 /* Build configuration list for PBXNativeTarget "ViPER-TaskList" */ = {
			isa = XCConfigurationList;
			buildConfigurations = (
				E636A48529177767001D0A36 /* Debug */,
				E636A48629177767001D0A36 /* Release */,
			);
			defaultConfigurationIsVisible = 0;
			defaultConfigurationName = Release;
		};
/* End XCConfigurationList section */

/* Begin XCVersionGroup section */
		E636A47929177766001D0A36 /* ViPER_TaskList.xcdatamodeld */ = {
			isa = XCVersionGroup;
			children = (
				E636A47A29177766001D0A36 /* ViPER_TaskList.xcdatamodel */,
			);
			currentVersion = E636A47A29177766001D0A36 /* ViPER_TaskList.xcdatamodel */;
			path = ViPER_TaskList.xcdatamodeld;
			sourceTree = "<group>";
			versionGroupType = wrapper.xcdatamodel;
		};
/* End XCVersionGroup section */
	};
	rootObject = E636A46529177766001D0A36 /* Project object */;
}
